{
  "name": "pick-universe",
  "version": "0.1.0",
  "lockfileVersion": 2,
  "requires": true,
  "packages": {
    "": {
      "name": "pick-universe",
      "version": "0.1.0",
      "license": "ISC",
      "dependencies": {
        "node-addon-api": "^1.1.0"
      },
      "devDependencies": {
        "dotenv": "^16.0.0",
        "minami": "^1.2.3",
        "pick-mv": "^1.0.1"
      }
    },
    "node_modules/dotenv": {
      "version": "16.0.0",
      "resolved": "https://registry.npmjs.org/dotenv/-/dotenv-16.0.0.tgz",
      "integrity": "sha512-qD9WU0MPM4SWLPJy/r2Be+2WgQj8plChsyrCNQzW/0WjvcJQiKQJ9mH3ZgB3fxbUUxgc/11ZJ0Fi5KiimWGz2Q==",
      "dev": true,
      "engines": {
        "node": ">=12"
      }
    },
    "node_modules/minami": {
      "version": "1.2.3",
      "resolved": "https://registry.npmjs.org/minami/-/minami-1.2.3.tgz",
      "integrity": "sha1-mbbc37LwpU2hycj3qjoyd4eq+fg=",
      "dev": true
    },
    "node_modules/node-addon-api": {
      "version": "1.7.2",
      "resolved": "https://registry.npmjs.org/node-addon-api/-/node-addon-api-1.7.2.tgz",
      "integrity": "sha512-ibPK3iA+vaY1eEjESkQkM0BbCqFOaZMiXRTtdB0u7b4djtY6JnsjvPdUHVMg6xQt3B8fpTTWHI9A+ADjM9frzg=="
    },
    "node_modules/pick-mv": {
      "version": "1.0.1",
      "resolved": "https://registry.npmjs.org/pick-mv/-/pick-mv-1.0.1.tgz",
      "integrity": "sha512-Y8y/jEZiSRo9c0VRcLMNWyw4Z9UwMu3VlDO3dXSQPF8V0ZTRX+e6+7V32viYCuRFQI7GS4yX4TqVyTxkbt2ZUQ==",
      "dev": true
    }
  },
  "dependencies": {
    "dotenv": {
      "version": "16.0.0",
      "resolved": "https://registry.npmjs.org/dotenv/-/dotenv-16.0.0.tgz",
      "integrity": "sha512-qD9WU0MPM4SWLPJy/r2Be+2WgQj8plChsyrCNQzW/0WjvcJQiKQJ9mH3ZgB3fxbUUxgc/11ZJ0Fi5KiimWGz2Q==",
      "dev": true
    },
    "minami": {
      "version": "1.2.3",
      "resolved": "https://registry.npmjs.org/minami/-/minami-1.2.3.tgz",
      "integrity": "sha1-mbbc37LwpU2hycj3qjoyd4eq+fg=",
      "dev": true
    },
    "node-addon-api": {
      "version": "1.7.2",
      "resolved": "https://registry.npmjs.org/node-addon-api/-/node-addon-api-1.7.2.tgz",
      "integrity": "sha512-ibPK3iA+vaY1eEjESkQkM0BbCqFOaZMiXRTtdB0u7b4djtY6JnsjvPdUHVMg6xQt3B8fpTTWHI9A+ADjM9frzg=="
    },
    "pick-mv": {
      "version": "1.0.1",
      "resolved": "https://registry.npmjs.org/pick-mv/-/pick-mv-1.0.1.tgz",
      "integrity": "sha512-Y8y/jEZiSRo9c0VRcLMNWyw4Z9UwMu3VlDO3dXSQPF8V0ZTRX+e6+7V32viYCuRFQI7GS4yX4TqVyTxkbt2ZUQ==",
      "dev": true
    }
  }
}
